Microsoft Visual Studio Solution File, Format Version 12.00
# Visual Studio Version 17
VisualStudioVersion = 17.5.2.0
MinimumVisualStudioVersion = 10.0.40219.1
Project("{2150E333-8FDC-42A3-9474-1A3956D46DE8}") = "AccesoADatos", "AccesoADatos", "{3DE49056-EFC9-294F-EFBE-E35DDF72390D}"
EndProject
Project("{FAE04EC0-301F-11D3-BF4B-00C04F79EFBC}") = "PracticaFinalTema1", "AccesoADatos\PracticaFinalTema1\PracticaFinalTema1.csproj", "{841D2C6E-C97B-0913-B9A0-7DE98EC724E5}"
EndProject
Global
	GlobalSection(SolutionConfigurationPlatforms) = preSolution
		Debug|Any CPU = Debug|Any CPU
		Release|Any CPU = Release|Any CPU
	EndGlobalSection
	GlobalSection(ProjectConfigurationPlatforms) = postSolution
		{841D2C6E-C97B-0913-B9A0-7DE98EC724E5}.Debug|Any CPU.ActiveCfg = Debug|Any CPU
		{841D2C6E-C97B-0913-B9A0-7DE98EC724E5}.Debug|Any CPU.Build.0 = Debug|Any CPU
		{841D2C6E-C97B-0913-B9A0-7DE98EC724E5}.Release|Any CPU.ActiveCfg = Release|Any CPU
		{841D2C6E-C97B-0913-B9A0-7DE98EC724E5}.Release|Any CPU.Build.0 = Release|Any CPU
	EndGlobalSection
	GlobalSection(SolutionProperties) = preSolution
		HideSolutionNode = FALSE
	EndGlobalSection
	GlobalSection(NestedProjects) = preSolution
		{841D2C6E-C97B-0913-B9A0-7DE98EC724E5} = {3DE49056-EFC9-294F-EFBE-E35DDF72390D}
	EndGlobalSection
	GlobalSection(ExtensibilityGlobals) = postSolution
		SolutionGuid = {5C8CE762-875C-439A-9A0D-827943ABBBF4}
	EndGlobalSection
EndGlobal
